// !$*UTF8*$!
{
	archiveVersion = 1;
	classes = {
	};
	objectVersion = 56;
	objects = {

/* Begin PBXBuildFile section */
		1DCC4ABF2A50038F008358F3 /* AppDelegate.swift in Sources */ = {isa = PBXBuildFile; fileRef = 1DCC4ABE2A50038F008358F3 /* AppDelegate.swift */; };
		1DCC4AC12A50038F008358F3 /* SceneDelegate.swift in Sources */ = {isa = PBXBuildFile; fileRef = 1DCC4AC02A50038F008358F3 /* SceneDelegate.swift */; };
		1DCC4AC32A50038F008358F3 /* SignInViewController.swift in Sources */ = {isa = PBXBuildFile; fileRef = 1DCC4AC22A50038F008358F3 /* SignInViewController.swift */; };
		1DCC4AC62A50038F008358F3 /* Main.storyboard in Resources */ = {isa = PBXBuildFile; fileRef = 1DCC4AC42A50038F008358F3 /* Main.storyboard */; };
		1DCC4AC82A500392008358F3 /* Assets.xcassets in Resources */ = {isa = PBXBuildFile; fileRef = 1DCC4AC72A500392008358F3 /* Assets.xcassets */; };
		1DCC4ACB2A500392008358F3 /* LaunchScreen.storyboard in Resources */ = {isa = PBXBuildFile; fileRef = 1DCC4AC92A500392008358F3 /* LaunchScreen.storyboard */; };
		1DCC4AD32A5005FB008358F3 /* UIColor+.swift in Sources */ = {isa = PBXBuildFile; fileRef = 1DCC4AD22A5005FB008358F3 /* UIColor+.swift */; };
		1DCC4AD52A500605008358F3 /* UITextField+.swift in Sources */ = {isa = PBXBuildFile; fileRef = 1DCC4AD42A500605008358F3 /* UITextField+.swift */; };
		1DCC4AD72A50060F008358F3 /* UIButton+.swift in Sources */ = {isa = PBXBuildFile; fileRef = 1DCC4AD62A50060F008358F3 /* UIButton+.swift */; };
		1DCC4AD92A500629008358F3 /* UIFont+.swift in Sources */ = {isa = PBXBuildFile; fileRef = 1DCC4AD82A500629008358F3 /* UIFont+.swift */; };
		1DCC4ADF2A500FE0008358F3 /* Then in Frameworks */ = {isa = PBXBuildFile; productRef = 1DCC4ADE2A500FE0008358F3 /* Then */; };
		1DCC4AE12A5176FB008358F3 /* UIImage+.swift in Sources */ = {isa = PBXBuildFile; fileRef = 1DCC4AE02A5176FB008358F3 /* UIImage+.swift */; };
		1DCC4AE42A51809F008358F3 /* SnapKit in Frameworks */ = {isa = PBXBuildFile; productRef = 1DCC4AE32A51809F008358F3 /* SnapKit */; };
/* End PBXBuildFile section */

/* Begin PBXFileReference section */
		1DCC4ABB2A50038F008358F3 /* Seminar_2_Tving.app */ = {isa = PBXFileReference; explicitFileType = wrapper.application; includeInIndex = 0; path = Seminar_2_Tving.app; sourceTree = BUILT_PRODUCTS_DIR; };
		1DCC4ABE2A50038F008358F3 /* AppDelegate.swift */ = {isa = PBXFileReference; lastKnownFileType = sourcecode.swift; path = AppDelegate.swift; sourceTree = "<group>"; };
		1DCC4AC02A50038F008358F3 /* SceneDelegate.swift */ = {isa = PBXFileReference; lastKnownFileType = sourcecode.swift; path = SceneDelegate.swift; sourceTree = "<group>"; };
		1DCC4AC22A50038F008358F3 /* SignInViewController.swift */ = {isa = PBXFileReference; lastKnownFileType = sourcecode.swift; path = SignInViewController.swift; sourceTree = "<group>"; };
		1DCC4AC52A50038F008358F3 /* Base */ = {isa = PBXFileReference; lastKnownFileType = file.storyboard; name = Base; path = Base.lproj/Main.storyboard; sourceTree = "<group>"; };
		1DCC4AC72A500392008358F3 /* Assets.xcassets */ = {isa = PBXFileReference; lastKnownFileType = folder.assetcatalog; path = Assets.xcassets; sourceTree = "<group>"; };
		1DCC4ACA2A500392008358F3 /* Base */ = {isa = PBXFileReference; lastKnownFileType = file.storyboard; name = Base; path = Base.lproj/LaunchScreen.storyboard; sourceTree = "<group>"; };
		1DCC4ACC2A500392008358F3 /* Info.plist */ = {isa = PBXFileReference; lastKnownFileType = text.plist.xml; path = Info.plist; sourceTree = "<group>"; };
		1DCC4AD22A5005FB008358F3 /* UIColor+.swift */ = {isa = PBXFileReference; lastKnownFileType = sourcecode.swift; path = "UIColor+.swift"; sourceTree = "<group>"; };
		1DCC4AD42A500605008358F3 /* UITextField+.swift */ = {isa = PBXFileReference; lastKnownFileType = sourcecode.swift; path = "UITextField+.swift"; sourceTree = "<group>"; };
		1DCC4AD62A50060F008358F3 /* UIButton+.swift */ = {isa = PBXFileReference; lastKnownFileType = sourcecode.swift; path = "UIButton+.swift"; sourceTree = "<group>"; };
		1DCC4AD82A500629008358F3 /* UIFont+.swift */ = {isa = PBXFileReference; lastKnownFileType = sourcecode.swift; path = "UIFont+.swift"; sourceTree = "<group>"; };
		1DCC4AE02A5176FB008358F3 /* UIImage+.swift */ = {isa = PBXFileReference; lastKnownFileType = sourcecode.swift; path = "UIImage+.swift"; sourceTree = "<group>"; };
/* End PBXFileReference section */

/* Begin PBXFrameworksBuildPhase section */
		1DCC4AB82A50038F008358F3 /* Frameworks */ = {
			isa = PBXFrameworksBuildPhase;
			buildActionMask = 2147483647;
			files = (
				1DCC4ADF2A500FE0008358F3 /* Then in Frameworks */,
				1DCC4AE42A51809F008358F3 /* SnapKit in Frameworks */,
			);
			runOnlyForDeploymentPostprocessing = 0;
		};
/* End PBXFrameworksBuildPhase section */

/* Begin PBXGroup section */
		1DCC4AB22A50038F008358F3 = {
			isa = PBXGroup;
			children = (
				1DCC4ABD2A50038F008358F3 /* Seminar_2_Tving */,
				1DCC4ABC2A50038F008358F3 /* Products */,
			);
			sourceTree = "<group>";
		};
		1DCC4ABC2A50038F008358F3 /* Products */ = {
			isa = PBXGroup;
			children = (
				1DCC4ABB2A50038F008358F3 /* Seminar_2_Tving.app */,
			);
			name = Products;
			sourceTree = "<group>";
		};
		1DCC4ABD2A50038F008358F3 /* Seminar_2_Tving */ = {
			isa = PBXGroup;
			children = (
				1DCC4ABE2A50038F008358F3 /* AppDelegate.swift */,
				1DCC4AC02A50038F008358F3 /* SceneDelegate.swift */,
				1DCC4AC22A50038F008358F3 /* SignInViewController.swift */,
				1DCC4AD22A5005FB008358F3 /* UIColor+.swift */,
				1DCC4AD42A500605008358F3 /* UITextField+.swift */,
				1DCC4AD82A500629008358F3 /* UIFont+.swift */,
				1DCC4AD62A50060F008358F3 /* UIButton+.swift */,
				1DCC4AE02A5176FB008358F3 /* UIImage+.swift */,
				1DCC4AC42A50038F008358F3 /* Main.storyboard */,
				1DCC4AC72A500392008358F3 /* Assets.xcassets */,
				1DCC4AC92A500392008358F3 /* LaunchScreen.storyboard */,
				1DCC4ACC2A500392008358F3 /* Info.plist */,
			);
			path = Seminar_2_Tving;
			sourceTree = "<group>";
		};
/* End PBXGroup section */

/* Begin PBXNativeTarget section */
		1DCC4ABA2A50038F008358F3 /* Seminar_2_Tving */ = {
			isa = PBXNativeTarget;
			buildConfigurationList = 1DCC4ACF2A500392008358F3 /* Build configuration list for PBXNativeTarget "Seminar_2_Tving" */;
			buildPhases = (
				1DCC4AB72A50038F008358F3 /* Sources */,
				1DCC4AB82A50038F008358F3 /* Frameworks */,
				1DCC4AB92A50038F008358F3 /* Resources */,
			);
			buildRules = (
			);
			dependencies = (
			);
			name = Seminar_2_Tving;
			packageProductDependencies = (
				1DCC4ADE2A500FE0008358F3 /* Then */,
				1DCC4AE32A51809F008358F3 /* SnapKit */,
			);
			productName = Seminar_2_Tving;
			productReference = 1DCC4ABB2A50038F008358F3 /* Seminar_2_Tving.app */;
			productType = "com.apple.product-type.application";
		};
/* End PBXNativeTarget section */

/* Begin PBXProject section */
		1DCC4AB32A50038F008358F3 /* Project object */ = {
			isa = PBXProject;
			attributes = {
				BuildIndependentTargetsInParallel = 1;
				LastSwiftUpdateCheck = 1420;
				LastUpgradeCheck = 1420;
				TargetAttributes = {
					1DCC4ABA2A50038F008358F3 = {
						CreatedOnToolsVersion = 14.2;
					};
				};
			};
			buildConfigurationList = 1DCC4AB62A50038F008358F3 /* Build configuration list for PBXProject "Seminar_2_Tving" */;
			compatibilityVersion = "Xcode 14.0";
			developmentRegion = en;
			hasScannedForEncodings = 0;
			knownRegions = (
				en,
				Base,
			);
			mainGroup = 1DCC4AB22A50038F008358F3;
			packageReferences = (
				1DCC4ADD2A500FE0008358F3 /* XCRemoteSwiftPackageReference "Then" */,
				1DCC4AE22A51809F008358F3 /* XCRemoteSwiftPackageReference "SnapKit" */,
			);
			productRefGroup = 1DCC4ABC2A50038F008358F3 /* Products */;
			projectDirPath = "";
			projectRoot = "";
			targets = (
				1DCC4ABA2A50038F008358F3 /* Seminar_2_Tving */,
			);
		};
/* End PBXProject section */

/* Begin PBXResourcesBuildPhase section */
		1DCC4AB92A50038F008358F3 /* Resources */ = {
			isa = PBXResourcesBuildPhase;
			buildActionMask = 2147483647;
			files = (
				1DCC4ACB2A500392008358F3 /* LaunchScreen.storyboard in Resources */,
				1DCC4AC82A500392008358F3 /* Assets.xcassets in Resources */,
				1DCC4AC62A50038F008358F3 /* Main.storyboard in Resources */,
			);
			runOnlyForDeploymentPostprocessing = 0;
		};
/* End PBXResourcesBuildPhase section */

/* Begin PBXSourcesBuildPhase section */
		1DCC4AB72A50038F008358F3 /* Sources */ = {
			isa = PBXSourcesBuildPhase;
			buildActionMask = 2147483647;
			files = (
				1DCC4AC32A50038F008358F3 /* SignInViewController.swift in Sources */,
				1DCC4AD72A50060F008358F3 /* UIButton+.swift in Sources */,
				1DCC4AD52A500605008358F3 /* UITextField+.swift in Sources */,
				1DCC4AD92A500629008358F3 /* UIFont+.swift in Sources */,
				1DCC4AD32A5005FB008358F3 /* UIColor+.swift in Sources */,
				1DCC4AE12A5176FB008358F3 /* UIImage+.swift in Sources */,
				1DCC4ABF2A50038F008358F3 /* AppDelegate.swift in Sources */,
				1DCC4AC12A50038F008358F3 /* SceneDelegate.swift in Sources */,
			);
			runOnlyForDeploymentPostprocessing = 0;
		};
/* End PBXSourcesBuildPhase section */

/* Begin PBXVariantGroup section */
		1DCC4AC42A50038F008358F3 /* Main.storyboard */ = {
			isa = PBXVariantGroup;
			children = (
				1DCC4AC52A50038F008358F3 /* Base */,
			);
			name = Main.storyboard;
			sourceTree = "<group>";
		};
		1DCC4AC92A500392008358F3 /* LaunchScreen.storyboard */ = {
			isa = PBXVariantGroup;
			children = (
				1DCC4ACA2A500392008358F3 /* Base */,
			);
			name = LaunchScreen.storyboard;
			sourceTree = "<group>";
		};
/* End PBXVariantGroup section */

/* Begin XCBuildConfiguration section */
		1DCC4ACD2A500392008358F3 /* Debug */ = {
			isa = XCBuildConfiguration;
			buildSettings = {
				ALWAYS_SEARCH_USER_PATHS = NO;
				CLANG_ANALYZER_NONNULL = YES;
				CLANG_ANALYZER_NUMBER_OBJECT_CONVERSION = YES_AGGRESSIVE;
				CLANG_CXX_LANGUAGE_STANDARD = "gnu++20";
				CLANG_ENABLE_MODULES = YES;
				CLANG_ENABLE_OBJC_ARC = YES;
				CLANG_ENABLE_OBJC_WEAK = YES;
				CLANG_WARN_BLOCK_CAPTURE_AUTORELEASING = YES;
				CLANG_WARN_BOOL_CONVERSION = YES;
				CLANG_WARN_COMMA = YES;
				CLANG_WARN_CONSTANT_CONVERSION = YES;
				CLANG_WARN_DEPRECATED_OBJC_IMPLEMENTATIONS = YES;
				CLANG_WARN_DIRECT_OBJC_ISA_USAGE = YES_ERROR;
				CLANG_WARN_DOCUMENTATION_COMMENTS = YES;
				CLANG_WARN_EMPTY_BODY = YES;
				CLANG_WARN_ENUM_CONVERSION = YES;
				CLANG_WARN_INFINITE_RECURSION = YES;
				CLANG_WARN_INT_CONVERSION = YES;
				CLANG_WARN_NON_LITERAL_NULL_CONVERSION = YES;
				CLANG_WARN_OBJC_IMPLICIT_RETAIN_SELF = YES;
				CLANG_WARN_OBJC_LITERAL_CONVERSION = YES;
				CLANG_WARN_OBJC_ROOT_CLASS = YES_ERROR;
				CLANG_WARN_QUOTED_INCLUDE_IN_FRAMEWORK_HEADER = YES;
				CLANG_WARN_RANGE_LOOP_ANALYSIS = YES;
				CLANG_WARN_STRICT_PROTOTYPES = YES;
				CLANG_WARN_SUSPICIOUS_MOVE = YES;
				CLANG_WARN_UNGUARDED_AVAILABILITY = YES_AGGRESSIVE;
				CLANG_WARN_UNREACHABLE_CODE = YES;
				CLANG_WARN__DUPLICATE_METHOD_MATCH = YES;
				COPY_PHASE_STRIP = NO;
				DEBUG_INFORMATION_FORMAT = dwarf;
				ENABLE_STRICT_OBJC_MSGSEND = YES;
				ENABLE_TESTABILITY = YES;
				GCC_C_LANGUAGE_STANDARD = gnu11;
				GCC_DYNAMIC_NO_PIC = NO;
				GCC_NO_COMMON_BLOCKS = YES;
				GCC_OPTIMIZATION_LEVEL = 0;
				GCC_PREPROCESSOR_DEFINITIONS = (
					"DEBUG=1",
					"$(inherited)",
				);
				GCC_WARN_64_TO_32_BIT_CONVERSION = YES;
				GCC_WARN_ABOUT_RETURN_TYPE = YES_ERROR;
				GCC_WARN_UNDECLARED_SELECTOR = YES;
				GCC_WARN_UNINITIALIZED_AUTOS = YES_AGGRESSIVE;
				GCC_WARN_UNUSED_FUNCTION = YES;
				GCC_WARN_UNUSED_VARIABLE = YES;
				IPHONEOS_DEPLOYMENT_TARGET = 16.2;
				MTL_ENABLE_DEBUG_INFO = INCLUDE_SOURCE;
				MTL_FAST_MATH = YES;
				ONLY_ACTIVE_ARCH = YES;
				SDKROOT = iphoneos;
				SWIFT_ACTIVE_COMPILATION_CONDITIONS = DEBUG;
				SWIFT_OPTIMIZATION_LEVEL = "-Onone";
			};
			name = Debug;
		};
		1DCC4ACE2A500392008358F3 /* Release */ = {
			isa = XCBuildConfiguration;
			buildSettings = {
				ALWAYS_SEARCH_USER_PATHS = NO;
				CLANG_ANALYZER_NONNULL = YES;
				CLANG_ANALYZER_NUMBER_OBJECT_CONVERSION = YES_AGGRESSIVE;
				CLANG_CXX_LANGUAGE_STANDARD = "gnu++20";
				CLANG_ENABLE_MODULES = YES;
				CLANG_ENABLE_OBJC_ARC = YES;
				CLANG_ENABLE_OBJC_WEAK = YES;
				CLANG_WARN_BLOCK_CAPTURE_AUTORELEASING = YES;
				CLANG_WARN_BOOL_CONVERSION = YES;
				CLANG_WARN_COMMA = YES;
				CLANG_WARN_CONSTANT_CONVERSION = YES;
				CLANG_WARN_DEPRECATED_OBJC_IMPLEMENTATIONS = YES;
				CLANG_WARN_DIRECT_OBJC_ISA_USAGE = YES_ERROR;
				CLANG_WARN_DOCUMENTATION_COMMENTS = YES;
				CLANG_WARN_EMPTY_BODY = YES;
				CLANG_WARN_ENUM_CONVERSION = YES;
				CLANG_WARN_INFINITE_RECURSION = YES;
				CLANG_WARN_INT_CONVERSION = YES;
				CLANG_WARN_NON_LITERAL_NULL_CONVERSION = YES;
				CLANG_WARN_OBJC_IMPLICIT_RETAIN_SELF = YES;
				CLANG_WARN_OBJC_LITERAL_CONVERSION = YES;
				CLANG_WARN_OBJC_ROOT_CLASS = YES_ERROR;
				CLANG_WARN_QUOTED_INCLUDE_IN_FRAMEWORK_HEADER = YES;
				CLANG_WARN_RANGE_LOOP_ANALYSIS = YES;
				CLANG_WARN_STRICT_PROTOTYPES = YES;
				CLANG_WARN_SUSPICIOUS_MOVE = YES;
				CLANG_WARN_UNGUARDED_AVAILABILITY = YES_AGGRESSIVE;
				CLANG_WARN_UNREACHABLE_CODE = YES;
				CLANG_WARN__DUPLICATE_METHOD_MATCH = YES;
				COPY_PHASE_STRIP = NO;
				DEBUG_INFORMATION_FORMAT = "dwarf-with-dsym";
				ENABLE_NS_ASSERTIONS = NO;
				ENABLE_STRICT_OBJC_MSGSEND = YES;
				GCC_C_LANGUAGE_STANDARD = gnu11;
				GCC_NO_COMMON_BLOCKS = YES;
				GCC_WARN_64_TO_32_BIT_CONVERSION = YES;
				GCC_WARN_ABOUT_RETURN_TYPE = YES_ERROR;
				GCC_WARN_UNDECLARED_SELECTOR = YES;
				GCC_WARN_UNINITIALIZED_AUTOS = YES_AGGRESSIVE;
				GCC_WARN_UNUSED_FUNCTION = YES;
				GCC_WARN_UNUSED_VARIABLE = YES;
				IPHONEOS_DEPLOYMENT_TARGET = 16.2;
				MTL_ENABLE_DEBUG_INFO = NO;
				MTL_FAST_MATH = YES;
				SDKROOT = iphoneos;
				SWIFT_COMPILATION_MODE = wholemodule;
				SWIFT_OPTIMIZATION_LEVEL = "-O";
				VALIDATE_PRODUCT = YES;
			};
			name = Release;
		};
		1DCC4AD02A500392008358F3 /* Debug */ = {
			isa = XCBuildConfiguration;
			buildSettings = {
				ASSETCATALOG_COMPILER_APPICON_NAME = AppIcon;
				ASSETCATALOG_COMPILER_GLOBAL_ACCENT_COLOR_NAME = AccentColor;
				CODE_SIGN_STYLE = Automatic;
				CURRENT_PROJECT_VERSION = 1;
				DEVELOPMENT_TEAM = D2Z7W8F79Y;
				GENERATE_INFOPLIST_FILE = YES;
				INFOPLIST_FILE = Seminar_2_Tving/Info.plist;
				INFOPLIST_KEY_UIApplicationSupportsIndirectInputEvents = YES;
				INFOPLIST_KEY_UILaunchStoryboardName = LaunchScreen;
				INFOPLIST_KEY_UIMainStoryboardFile = Main;
				INFOPLIST_KEY_UISupportedInterfaceOrientations_iPad = "UIInterfaceOrientationPortrait UIInterfaceOrientationPortraitUpsideDown UIInterfaceOrientationLandscapeLeft UIInterfaceOrientationLandscapeRight";
				INFOPLIST_KEY_UISupportedInterfaceOrientations_iPhone = "UIInterfaceOrientationPortrait UIInterfaceOrientationLandscapeLeft UIInterfaceOrientationLandscapeRight";
				LD_RUNPATH_SEARCH_PATHS = (
					"$(inherited)",
					"@executable_path/Frameworks",
				);
				MARKETING_VERSION = 1.0;
				PRODUCT_BUNDLE_IDENTIFIER = "None.Seminar-2-Tving";
				PRODUCT_NAME = "$(TARGET_NAME)";
				SWIFT_EMIT_LOC_STRINGS = YES;
				SWIFT_VERSION = 5.0;
				TARGETED_DEVICE_FAMILY = "1,2";
			};
			name = Debug;
		};
		1DCC4AD12A500392008358F3 /* Release */ = {
			isa = XCBuildConfiguration;
			buildSettings = {
				ASSETCATALOG_COMPILER_APPICON_NAME = AppIcon;
				ASSETCATALOG_COMPILER_GLOBAL_ACCENT_COLOR_NAME = AccentColor;
				CODE_SIGN_STYLE = Automatic;
				CURRENT_PROJECT_VERSION = 1;
				DEVELOPMENT_TEAM = D2Z7W8F79Y;
				GENERATE_INFOPLIST_FILE = YES;
				INFOPLIST_FILE = Seminar_2_Tving/Info.plist;
				INFOPLIST_KEY_UIApplicationSupportsIndirectInputEvents = YES;
				INFOPLIST_KEY_UILaunchStoryboardName = LaunchScreen;
				INFOPLIST_KEY_UIMainStoryboardFile = Main;
				INFOPLIST_KEY_UISupportedInterfaceOrientations_iPad = "UIInterfaceOrientationPortrait UIInterfaceOrientationPortraitUpsideDown UIInterfaceOrientationLandscapeLeft UIInterfaceOrientationLandscapeRight";
				INFOPLIST_KEY_UISupportedInterfaceOrientations_iPhone = "UIInterfaceOrientationPortrait UIInterfaceOrientationLandscapeLeft UIInterfaceOrientationLandscapeRight";
				LD_RUNPATH_SEARCH_PATHS = (
					"$(inherited)",
					"@executable_path/Frameworks",
				);
				MARKETING_VERSION = 1.0;
				PRODUCT_BUNDLE_IDENTIFIER = "None.Seminar-2-Tving";
				PRODUCT_NAME = "$(TARGET_NAME)";
				SWIFT_EMIT_LOC_STRINGS = YES;
				SWIFT_VERSION = 5.0;
				TARGETED_DEVICE_FAMILY = "1,2";
			};
			name = Release;
		};
/* End XCBuildConfiguration section */

/* Begin XCConfigurationList section */
		1DCC4AB62A50038F008358F3 /* Build configuration list for PBXProject "Seminar_2_Tving" */ = {
			isa = XCConfigurationList;
			buildConfigurations = (
				1DCC4ACD2A500392008358F3 /* Debug */,
				1DCC4ACE2A500392008358F3 /* Release */,
			);
			defaultConfigurationIsVisible = 0;
			defaultConfigurationName = Release;
		};
		1DCC4ACF2A500392008358F3 /* Build configuration list for PBXNativeTarget "Seminar_2_Tving" */ = {
			isa = XCConfigurationList;
			buildConfigurations = (
				1DCC4AD02A500392008358F3 /* Debug */,
				1DCC4AD12A500392008358F3 /* Release */,
			);
			defaultConfigurationIsVisible = 0;
			defaultConfigurationName = Release;
		};
/* End XCConfigurationList section */

/* Begin XCRemoteSwiftPackageReference section */
		1DCC4ADD2A500FE0008358F3 /* XCRemoteSwiftPackageReference "Then" */ = {
			isa = XCRemoteSwiftPackageReference;
			repositoryURL = "https://github.com/devxoul/Then.git";
			requirement = {
				branch = master;
				kind = branch;
			};
		};
		1DCC4AE22A51809F008358F3 /* XCRemoteSwiftPackageReference "SnapKit" */ = {
			isa = XCRemoteSwiftPackageReference;
			repositoryURL = "https://github.com/SnapKit/SnapKit.git";
			requirement = {
				branch = develop;
				kind = branch;
			};
		};
/* End XCRemoteSwiftPackageReference section */

/* Begin XCSwiftPackageProductDependency section */
		1DCC4ADE2A500FE0008358F3 /* Then */ = {
			isa = XCSwiftPackageProductDependency;
			package = 1DCC4ADD2A500FE0008358F3 /* XCRemoteSwiftPackageReference "Then" */;
			productName = Then;
		};
		1DCC4AE32A51809F008358F3 /* SnapKit */ = {
			isa = XCSwiftPackageProductDependency;
			package = 1DCC4AE22A51809F008358F3 /* XCRemoteSwiftPackageReference "SnapKit" */;
			productName = SnapKit;
		};
/* End XCSwiftPackageProductDependency section */
	};
	rootObject = 1DCC4AB32A50038F008358F3 /* Project object */;
}
